lockfileVersion: 5.3

importers:

  .:
    specifiers:
      turbo: ^1.0.26
    devDependencies:
      turbo: 1.0.26

packages:

  /turbo-darwin-64/1.0.26:
    resolution: {integrity: sha512-PehbiMm1fKqQPpH/nuGbdHSTmO7YKqODp5RAmxvWaJ7VW9IsQiRRxORegREd/vmsBfeuEky0DRM+POCr5eAccA==}
    cpu: [x64]
    os: [darwin]
    requiresBuild: true
    dev: true
    optional: true

  /turbo-darwin-arm64/1.0.26:
    resolution: {integrity: sha512-6hg7QtpIHLRzRlWGFK81yqvhQpi/9Eae/toqeAaK8xU5RvgZsLVNEwpr/7rOA9zqhzg25sBlXJiCP/N6Dak/QA==}
    cpu: [arm64]
    os: [darwin]
    requiresBuild: true
    dev: true
    optional: true

  /turbo-freebsd-64/1.0.26:
    resolution: {integrity: sha512-lyKGXCQi7ptXEOycf0+r+xMVYR+u8hZ9SMu6oySWNAj+GB1/knR7kI0KOkAHA9kqEnb8ANMyq10HxkGDgDF/lg==}
    cpu: [x64]
    os: [freebsd]
    requiresBuild: true
    dev: true
    optional: true

  /turbo-freebsd-arm64/1.0.26:
    resolution: {integrity: sha512-so2EzesYdOTsPLwH4eVBR+IR3Cg6UKEzk6sFdCXeDDu3fEiunzeFT8+hDEV7I7zPzalIjHH4QuovTZOghcTAcQ==}
    cpu: [arm64]
    os: [freebsd]
    requiresBuild: true
    dev: true
    optional: true

  /turbo-linux-32/1.0.26:
    resolution: {integrity: sha512-DEpnBITpgI/Q6HRbkEmEWqiB/U59fZqLtc7E7fdQUVwlUR8+XdUFyn+VPp6ho+YVD5cpCuPklyOEs2yfsg06yQ==}
    cpu: [ia32]
    os: [linux]
    requiresBuild: true
    dev: true
    optional: true

  /turbo-linux-64/1.0.26:
    resolution: {integrity: sha512-Ub/uw6g9O/riIXusc0y0bMwV8xZR7DqD5u+QCABp6Rpk+NGzEJZv2eX+BRk3A2rVD6rX5ww5+zrgY7+A0Nta0Q==}
    cpu: [x64]
    os: [linux]
    requiresBuild: true
    dev: true
    optional: true

  /turbo-linux-arm/1.0.26:
    resolution: {integrity: sha512-SmI3l2zHbUdUREKr10RqsiXZltDKtwPwc0dHhVeLoKl0itmL4kIxJq+CvcPGiN87kTccvgoKILT5mJuoHVNeGA==}
    cpu: [arm]
    os: [linux]
    requiresBuild: true
    dev: true
    optional: true

  /turbo-linux-arm64/1.0.26:
    resolution: {integrity: sha512-z+0I/bY954FkqOTtMXvseAfR/hEgbpL7EePw/9Lxy1l6m1+4Fj6OIOncsbhavGtZAYFndjaB03rb2wW+vk6v2w==}
    cpu: [arm64]
    os: [linux]
    requiresBuild: true
    dev: true
    optional: true

  /turbo-linux-mips64le/1.0.26:
    resolution: {integrity: sha512-JA2JKthNYRIOGPVjD65Bvhe/ebXjKryz38EtsuuVSmDbk+iqvCKYfIDAt/9MqeTzGH7mMi4JZqW5QYCH8m0csA==}
    cpu: [mips64el]
    os: [linux]
    requiresBuild: true
    dev: true
    optional: true

  /turbo-linux-ppc64le/1.0.26:
    resolution: {integrity: sha512-thkJJ62OAB8BW/tzkLEZrFqOLKA9j/rrbZSC9mKLDfa2wDQnVGn/e9R0/qHJhXxTxDtzSV9SjzcD7fHYRJ4fjw==}
    cpu: [ppc64]
    os: [linux]
    requiresBuild: true
    dev: true
    optional: true

  /turbo-windows-32/1.0.26:
    resolution: {integrity: sha512-79Bs1Uhrn53vrjdhzMag+eJEqk03zqRguWrkceMgsX8hFr8soTSgqMKhl/g6GPMMdAdjxQKgEuujqVndqLgI0g==}
    cpu: [ia32]
    os: [win32]
    requiresBuild: true
    dev: true
    optional: true

  /turbo-windows-64/1.0.26:
    resolution: {integrity: sha512-jGmDMPPy4bRdgoMstrFKYv58ehpejk+Jg6gMS/F5sESrifWSIReernnURE+FtfrUFh2KgcwFMTdvGJAHfTlDEg==}
    cpu: [x64]
    os: [win32]
    requiresBuild: true
    dev: true
    optional: true

  /turbo/1.0.26:
    resolution: {integrity: sha512-XOq/qR5zZnSofX052KQRIMUng5h4gpOGvy0afw9jPLN8pPg0Ct54NVbloOBcVhGbCxPYJP0dpbkQuC/lxzdHpA==}
    hasBin: true
    requiresBuild: true
    optionalDependencies:
      turbo-darwin-64: 1.0.26
      turbo-darwin-arm64: 1.0.26
      turbo-freebsd-64: 1.0.26
      turbo-freebsd-arm64: 1.0.26
      turbo-linux-32: 1.0.26
      turbo-linux-64: 1.0.26
      turbo-linux-arm: 1.0.26
      turbo-linux-arm64: 1.0.26
      turbo-linux-mips64le: 1.0.26
      turbo-linux-ppc64le: 1.0.26
      turbo-windows-32: 1.0.26
      turbo-windows-64: 1.0.26
    dev: true
